
Microsoft Visual Studio Solution File, Format Version 12.00
# Visual Studio Version 17
VisualStudioVersion = 17.8.34525.116
MinimumVisualStudioVersion = 10.0.40219.1
Project("{9A19103F-16F7-4668-BE54-9A1E7A4F7556}") = "MVCNetCoreKurumsalSiteProje", "MVCNetCoreKurumsalSite\MVCNetCoreKurumsalSiteProje.csproj", "{B5CF9D29-8D45-4F8E-97AB-3BB13BBE3104}"
EndProject
Project("{9A19103F-16F7-4668-BE54-9A1E7A4F7556}") = "Entities", "Entities\Entities.csproj", "{05FAC92C-3920-48D1-8818-EA26E2EBB45B}"
EndProject
Project("{9A19103F-16F7-4668-BE54-9A1E7A4F7556}") = "Data", "Data\Data.csproj", "{68675369-BF25-42CF-8D00-B06B9521D61A}"
EndProject
Global
	GlobalSection(SolutionConfigurationPlatforms) = preSolution
		Debug|Any CPU = Debug|Any CPU
		Release|Any CPU = Release|Any CPU
	EndGlobalSection
	GlobalSection(ProjectConfigurationPlatforms) = postSolution
		{B5CF9D29-8D45-4F8E-97AB-3BB13BBE3104}.Debug|Any CPU.ActiveCfg = Debug|Any CPU
		{B5CF9D29-8D45-4F8E-97AB-3BB13BBE3104}.Debug|Any CPU.Build.0 = Debug|Any CPU
		{B5CF9D29-8D45-4F8E-97AB-3BB13BBE3104}.Release|Any CPU.ActiveCfg = Release|Any CPU
		{B5CF9D29-8D45-4F8E-97AB-3BB13BBE3104}.Release|Any CPU.Build.0 = Release|Any CPU
		{05FAC92C-3920-48D1-8818-EA26E2EBB45B}.Debug|Any CPU.ActiveCfg = Debug|Any CPU
		{05FAC92C-3920-48D1-8818-EA26E2EBB45B}.Debug|Any CPU.Build.0 = Debug|Any CPU
		{05FAC92C-3920-48D1-8818-EA26E2EBB45B}.Release|Any CPU.ActiveCfg = Release|Any CPU
		{05FAC92C-3920-48D1-8818-EA26E2EBB45B}.Release|Any CPU.Build.0 = Release|Any CPU
		{68675369-BF25-42CF-8D00-B06B9521D61A}.Debug|Any CPU.ActiveCfg = Debug|Any CPU
		{68675369-BF25-42CF-8D00-B06B9521D61A}.Debug|Any CPU.Build.0 = Debug|Any CPU
		{68675369-BF25-42CF-8D00-B06B9521D61A}.Release|Any CPU.ActiveCfg = Release|Any CPU
		{68675369-BF25-42CF-8D00-B06B9521D61A}.Release|Any CPU.Build.0 = Release|Any CPU
	EndGlobalSection
	GlobalSection(SolutionProperties) = preSolution
		HideSolutionNode = FALSE
	EndGlobalSection
	GlobalSection(ExtensibilityGlobals) = postSolution
		SolutionGuid = {915D5305-E20A-4D46-B3FD-C204A4AF8949}
	EndGlobalSection
EndGlobal
